
Microsoft Visual Studio Solution File, Format Version 12.00
# Visual Studio 2012
Project("{FAE04EC0-301F-11D3-BF4B-00C04F79EFBC}") = "AutomationElementFinder_VS2012", "AutomationElementFinder\AutomationElementFinder_VS2012.csproj", "{3CE03852-2D3B-4C7D-B1B0-C3B7C26E1672}"
EndProject
Project("{FAE04EC0-301F-11D3-BF4B-00C04F79EFBC}") = "DW.CodedUI_VS2012", "DW.CodedUI\DW.CodedUI_VS2012.csproj", "{A55E5D54-B118-410C-89FE-C980E42B6777}"
EndProject
Global
	GlobalSection(SolutionConfigurationPlatforms) = preSolution
		Debug|Any CPU = Debug|Any CPU
		Debug|Mixed Platforms = Debug|Mixed Platforms
		Debug|x86 = Debug|x86
		Release|Any CPU = Release|Any CPU
		Release|Mixed Platforms = Release|Mixed Platforms
		Release|x86 = Release|x86
	EndGlobalSection
	GlobalSection(ProjectConfigurationPlatforms) = postSolution
		{3CE03852-2D3B-4C7D-B1B0-C3B7C26E1672}.Debug|Any CPU.ActiveCfg = Debug|Any CPU
		{3CE03852-2D3B-4C7D-B1B0-C3B7C26E1672}.Debug|Any CPU.Build.0 = Debug|Any CPU
		{3CE03852-2D3B-4C7D-B1B0-C3B7C26E1672}.Debug|Mixed Platforms.ActiveCfg = Debug|Any CPU
		{3CE03852-2D3B-4C7D-B1B0-C3B7C26E1672}.Debug|Mixed Platforms.Build.0 = Debug|Any CPU
		{3CE03852-2D3B-4C7D-B1B0-C3B7C26E1672}.Debug|x86.ActiveCfg = Debug|Any CPU
		{3CE03852-2D3B-4C7D-B1B0-C3B7C26E1672}.Release|Any CPU.ActiveCfg = Release|Any CPU
		{3CE03852-2D3B-4C7D-B1B0-C3B7C26E1672}.Release|Any CPU.Build.0 = Release|Any CPU
		{3CE03852-2D3B-4C7D-B1B0-C3B7C26E1672}.Release|Mixed Platforms.ActiveCfg = Release|Any CPU
		{3CE03852-2D3B-4C7D-B1B0-C3B7C26E1672}.Release|Mixed Platforms.Build.0 = Release|Any CPU
		{3CE03852-2D3B-4C7D-B1B0-C3B7C26E1672}.Release|x86.ActiveCfg = Release|Any CPU
		{A55E5D54-B118-410C-89FE-C980E42B6777}.Debug|Any CPU.ActiveCfg = Debug|Any CPU
		{A55E5D54-B118-410C-89FE-C980E42B6777}.Debug|Any CPU.Build.0 = Debug|Any CPU
		{A55E5D54-B118-410C-89FE-C980E42B6777}.Debug|Mixed Platforms.ActiveCfg = Debug|Any CPU
		{A55E5D54-B118-410C-89FE-C980E42B6777}.Debug|Mixed Platforms.Build.0 = Debug|Any CPU
		{A55E5D54-B118-410C-89FE-C980E42B6777}.Debug|x86.ActiveCfg = Debug|Any CPU
		{A55E5D54-B118-410C-89FE-C980E42B6777}.Release|Any CPU.ActiveCfg = Release|Any CPU
		{A55E5D54-B118-410C-89FE-C980E42B6777}.Release|Any CPU.Build.0 = Release|Any CPU
		{A55E5D54-B118-410C-89FE-C980E42B6777}.Release|Mixed Platforms.ActiveCfg = Release|Any CPU
		{A55E5D54-B118-410C-89FE-C980E42B6777}.Release|Mixed Platforms.Build.0 = Release|Any CPU
		{A55E5D54-B118-410C-89FE-C980E42B6777}.Release|x86.ActiveCfg = Release|Any CPU
	EndGlobalSection
	GlobalSection(SolutionProperties) = preSolution
		HideSolutionNode = FALSE
	EndGlobalSection
EndGlobal
